// !$*UTF8*$!
{
	archiveVersion = 1;
	classes = {
	};
	objectVersion = 50;
	objects = {

/* Begin PBXBuildFile section */
		B1AAB3B0247F8DEC001D06BF /* AppDelegate.swift in Sources */ = {isa = PBXBuildFile; fileRef = B1AAB3AF247F8DEC001D06BF /* AppDelegate.swift */; };
		B1AAB3B2247F8DEC001D06BF /* ViewController.swift in Sources */ = {isa = PBXBuildFile; fileRef = B1AAB3B1247F8DEC001D06BF /* ViewController.swift */; };
		B1AAB3B5247F8DEC001D06BF /* Main.storyboard in Resources */ = {isa = PBXBuildFile; fileRef = B1AAB3B3247F8DEC001D06BF /* Main.storyboard */; };
		B1AAB3B8247F8DEC001D06BF /* CustomComponetPOC.xcdatamodeld in Sources */ = {isa = PBXBuildFile; fileRef = B1AAB3B6247F8DEC001D06BF /* CustomComponetPOC.xcdatamodeld */; };
		B1AAB3BA247F8DF1001D06BF /* Assets.xcassets in Resources */ = {isa = PBXBuildFile; fileRef = B1AAB3B9247F8DF1001D06BF /* Assets.xcassets */; };
		B1AAB3BD247F8DF1001D06BF /* LaunchScreen.storyboard in Resources */ = {isa = PBXBuildFile; fileRef = B1AAB3BB247F8DF1001D06BF /* LaunchScreen.storyboard */; };
		B1AAB3C5247F9208001D06BF /* CustomElements.swift in Sources */ = {isa = PBXBuildFile; fileRef = B1AAB3C4247F9208001D06BF /* CustomElements.swift */; };
		B1AAB3C9247FB8E6001D06BF /* VtnCardView.xib in Resources */ = {isa = PBXBuildFile; fileRef = B1AAB3C8247FB8E6001D06BF /* VtnCardView.xib */; };
		B1AAB3CB247FB906001D06BF /* VtnCardView.swift in Sources */ = {isa = PBXBuildFile; fileRef = B1AAB3CA247FB906001D06BF /* VtnCardView.swift */; };
/* End PBXBuildFile section */

/* Begin PBXFileReference section */
		B1AAB3AC247F8DEC001D06BF /* CustomComponetPOC.app */ = {isa = PBXFileReference; explicitFileType = wrapper.application; includeInIndex = 0; path = CustomComponetPOC.app; sourceTree = BUILT_PRODUCTS_DIR; };
		B1AAB3AF247F8DEC001D06BF /* AppDelegate.swift */ = {isa = PBXFileReference; lastKnownFileType = sourcecode.swift; path = AppDelegate.swift; sourceTree = "<group>"; };
		B1AAB3B1247F8DEC001D06BF /* ViewController.swift */ = {isa = PBXFileReference; lastKnownFileType = sourcecode.swift; path = ViewController.swift; sourceTree = "<group>"; };
		B1AAB3B4247F8DEC001D06BF /* Base */ = {isa = PBXFileReference; lastKnownFileType = file.storyboard; name = Base; path = Base.lproj/Main.storyboard; sourceTree = "<group>"; };
		B1AAB3B7247F8DEC001D06BF /* CustomComponetPOC.xcdatamodel */ = {isa = PBXFileReference; lastKnownFileType = wrapper.xcdatamodel; path = CustomComponetPOC.xcdatamodel; sourceTree = "<group>"; };
		B1AAB3B9247F8DF1001D06BF /* Assets.xcassets */ = {isa = PBXFileReference; lastKnownFileType = folder.assetcatalog; path = Assets.xcassets; sourceTree = "<group>"; };
		B1AAB3BC247F8DF1001D06BF /* Base */ = {isa = PBXFileReference; lastKnownFileType = file.storyboard; name = Base; path = Base.lproj/LaunchScreen.storyboard; sourceTree = "<group>"; };
		B1AAB3BE247F8DF1001D06BF /* Info.plist */ = {isa = PBXFileReference; lastKnownFileType = text.plist.xml; path = Info.plist; sourceTree = "<group>"; };
		B1AAB3C4247F9208001D06BF /* CustomElements.swift */ = {isa = PBXFileReference; lastKnownFileType = sourcecode.swift; path = CustomElements.swift; sourceTree = "<group>"; };
		B1AAB3C8247FB8E6001D06BF /* VtnCardView.xib */ = {isa = PBXFileReference; lastKnownFileType = file.xib; path = VtnCardView.xib; sourceTree = "<group>"; };
		B1AAB3CA247FB906001D06BF /* VtnCardView.swift */ = {isa = PBXFileReference; lastKnownFileType = sourcecode.swift; path = VtnCardView.swift; sourceTree = "<group>"; };
/* End PBXFileReference section */

/* Begin PBXFrameworksBuildPhase section */
		B1AAB3A9247F8DEC001D06BF /* Frameworks */ = {
			isa = PBXFrameworksBuildPhase;
			buildActionMask = 2147483647;
			files = (
			);
			runOnlyForDeploymentPostprocessing = 0;
		};
/* End PBXFrameworksBuildPhase section */

/* Begin PBXGroup section */
		B1AAB3A3247F8DEC001D06BF = {
			isa = PBXGroup;
			children = (
				B1AAB3AE247F8DEC001D06BF /* CustomComponetPOC */,
				B1AAB3AD247F8DEC001D06BF /* Products */,
			);
			sourceTree = "<group>";
		};
		B1AAB3AD247F8DEC001D06BF /* Products */ = {
			isa = PBXGroup;
			children = (
				B1AAB3AC247F8DEC001D06BF /* CustomComponetPOC.app */,
			);
			name = Products;
			sourceTree = "<group>";
		};
		B1AAB3AE247F8DEC001D06BF /* CustomComponetPOC */ = {
			isa = PBXGroup;
			children = (
				B1AAB3CC247FB9DA001D06BF /* controller */,
				B1AAB3C6247FB8A3001D06BF /* view */,
				B1AAB3AF247F8DEC001D06BF /* AppDelegate.swift */,
				B1AAB3B1247F8DEC001D06BF /* ViewController.swift */,
				B1AAB3B3247F8DEC001D06BF /* Main.storyboard */,
				B1AAB3B9247F8DF1001D06BF /* Assets.xcassets */,
				B1AAB3BB247F8DF1001D06BF /* LaunchScreen.storyboard */,
				B1AAB3BE247F8DF1001D06BF /* Info.plist */,
				B1AAB3B6247F8DEC001D06BF /* CustomComponetPOC.xcdatamodeld */,
			);
			path = CustomComponetPOC;
			sourceTree = "<group>";
		};
		B1AAB3C6247FB8A3001D06BF /* view */ = {
			isa = PBXGroup;
			children = (
				B1AAB3C7247FB8AA001D06BF /* card */,
			);
			path = view;
			sourceTree = "<group>";
		};
		B1AAB3C7247FB8AA001D06BF /* card */ = {
			isa = PBXGroup;
			children = (
				B1AAB3C8247FB8E6001D06BF /* VtnCardView.xib */,
				B1AAB3CA247FB906001D06BF /* VtnCardView.swift */,
			);
			path = card;
			sourceTree = "<group>";
		};
		B1AAB3CC247FB9DA001D06BF /* controller */ = {
			isa = PBXGroup;
			children = (
				B1AAB3CD247FB9E7001D06BF /* customElement */,
			);
			path = controller;
			sourceTree = "<group>";
		};
		B1AAB3CD247FB9E7001D06BF /* customElement */ = {
			isa = PBXGroup;
			children = (
				B1AAB3C4247F9208001D06BF /* CustomElements.swift */,
			);
			path = customElement;
			sourceTree = "<group>";
		};
/* End PBXGroup section */

/* Begin PBXNativeTarget section */
		B1AAB3AB247F8DEC001D06BF /* CustomComponetPOC */ = {
			isa = PBXNativeTarget;
			buildConfigurationList = B1AAB3C1247F8DF1001D06BF /* Build configuration list for PBXNativeTarget "CustomComponetPOC" */;
			buildPhases = (
				B1AAB3A8247F8DEC001D06BF /* Sources */,
				B1AAB3A9247F8DEC001D06BF /* Frameworks */,
				B1AAB3AA247F8DEC001D06BF /* Resources */,
			);
			buildRules = (
			);
			dependencies = (
			);
			name = CustomComponetPOC;
			productName = CustomComponetPOC;
			productReference = B1AAB3AC247F8DEC001D06BF /* CustomComponetPOC.app */;
			productType = "com.apple.product-type.application";
		};
/* End PBXNativeTarget section */

/* Begin PBXProject section */
		B1AAB3A4247F8DEC001D06BF /* Project object */ = {
			isa = PBXProject;
			attributes = {
				LastSwiftUpdateCheck = 1130;
				LastUpgradeCheck = 1130;
				ORGANIZATIONNAME = "Ventuno Technologies";
				TargetAttributes = {
					B1AAB3AB247F8DEC001D06BF = {
						CreatedOnToolsVersion = 11.3.1;
					};
				};
			};
			buildConfigurationList = B1AAB3A7247F8DEC001D06BF /* Build configuration list for PBXProject "CustomComponetPOC" */;
			compatibilityVersion = "Xcode 9.3";
			developmentRegion = en;
			hasScannedForEncodings = 0;
			knownRegions = (
				en,
				Base,
			);
			mainGroup = B1AAB3A3247F8DEC001D06BF;
			productRefGroup = B1AAB3AD247F8DEC001D06BF /* Products */;
			projectDirPath = "";
			projectRoot = "";
			targets = (
				B1AAB3AB247F8DEC001D06BF /* CustomComponetPOC */,
			);
		};
/* End PBXProject section */

/* Begin PBXResourcesBuildPhase section */
		B1AAB3AA247F8DEC001D06BF /* Resources */ = {
			isa = PBXResourcesBuildPhase;
			buildActionMask = 2147483647;
			files = (
				B1AAB3BD247F8DF1001D06BF /* LaunchScreen.storyboard in Resources */,
				B1AAB3C9247FB8E6001D06BF /* VtnCardView.xib in Resources */,
				B1AAB3BA247F8DF1001D06BF /* Assets.xcassets in Resources */,
				B1AAB3B5247F8DEC001D06BF /* Main.storyboard in Resources */,
			);
			runOnlyForDeploymentPostprocessing = 0;
		};
/* End PBXResourcesBuildPhase section */

/* Begin PBXSourcesBuildPhase section */
		B1AAB3A8247F8DEC001D06BF /* Sources */ = {
			isa = PBXSourcesBuildPhase;
			buildActionMask = 2147483647;
			files = (
				B1AAB3B2247F8DEC001D06BF /* ViewController.swift in Sources */,
				B1AAB3B0247F8DEC001D06BF /* AppDelegate.swift in Sources */,
				B1AAB3B8247F8DEC001D06BF /* CustomComponetPOC.xcdatamodeld in Sources */,
				B1AAB3CB247FB906001D06BF /* VtnCardView.swift in Sources */,
				B1AAB3C5247F9208001D06BF /* CustomElements.swift in Sources */,
			);
			runOnlyForDeploymentPostprocessing = 0;
		};
/* End PBXSourcesBuildPhase section */

/* Begin PBXVariantGroup section */
		B1AAB3B3247F8DEC001D06BF /* Main.storyboard */ = {
			isa = PBXVariantGroup;
			children = (
				B1AAB3B4247F8DEC001D06BF /* Base */,
			);
			name = Main.storyboard;
			sourceTree = "<group>";
		};
		B1AAB3BB247F8DF1001D06BF /* LaunchScreen.storyboard */ = {
			isa = PBXVariantGroup;
			children = (
				B1AAB3BC247F8DF1001D06BF /* Base */,
			);
			name = LaunchScreen.storyboard;
			sourceTree = "<group>";
		};
/* End PBXVariantGroup section */

/* Begin XCBuildConfiguration section */
		B1AAB3BF247F8DF1001D06BF /* Debug */ = {
			isa = XCBuildConfiguration;
			buildSettings = {
				ALWAYS_SEARCH_USER_PATHS = NO;
				CLANG_ANALYZER_NONNULL = YES;
				CLANG_ANALYZER_NUMBER_OBJECT_CONVERSION = YES_AGGRESSIVE;
				CLANG_CXX_LANGUAGE_STANDARD = "gnu++14";
				CLANG_CXX_LIBRARY = "libc++";
				CLANG_ENABLE_MODULES = YES;
				CLANG_ENABLE_OBJC_ARC = YES;
				CLANG_ENABLE_OBJC_WEAK = YES;
				CLANG_WARN_BLOCK_CAPTURE_AUTORELEASING = YES;
				CLANG_WARN_BOOL_CONVERSION = YES;
				CLANG_WARN_COMMA = YES;
				CLANG_WARN_CONSTANT_CONVERSION = YES;
				CLANG_WARN_DEPRECATED_OBJC_IMPLEMENTATIONS = YES;
				CLANG_WARN_DIRECT_OBJC_ISA_USAGE = YES_ERROR;
				CLANG_WARN_DOCUMENTATION_COMMENTS = YES;
				CLANG_WARN_EMPTY_BODY = YES;
				CLANG_WARN_ENUM_CONVERSION = YES;
				CLANG_WARN_INFINITE_RECURSION = YES;
				CLANG_WARN_INT_CONVERSION = YES;
				CLANG_WARN_NON_LITERAL_NULL_CONVERSION = YES;
				CLANG_WARN_OBJC_IMPLICIT_RETAIN_SELF = YES;
				CLANG_WARN_OBJC_LITERAL_CONVERSION = YES;
				CLANG_WARN_OBJC_ROOT_CLASS = YES_ERROR;
				CLANG_WARN_RANGE_LOOP_ANALYSIS = YES;
				CLANG_WARN_STRICT_PROTOTYPES = YES;
				CLANG_WARN_SUSPICIOUS_MOVE = YES;
				CLANG_WARN_UNGUARDED_AVAILABILITY = YES_AGGRESSIVE;
				CLANG_WARN_UNREACHABLE_CODE = YES;
				CLANG_WARN__DUPLICATE_METHOD_MATCH = YES;
				COPY_PHASE_STRIP = NO;
				DEBUG_INFORMATION_FORMAT = dwarf;
				ENABLE_STRICT_OBJC_MSGSEND = YES;
				ENABLE_TESTABILITY = YES;
				GCC_C_LANGUAGE_STANDARD = gnu11;
				GCC_DYNAMIC_NO_PIC = NO;
				GCC_NO_COMMON_BLOCKS = YES;
				GCC_OPTIMIZATION_LEVEL = 0;
				GCC_PREPROCESSOR_DEFINITIONS = (
					"DEBUG=1",
					"$(inherited)",
				);
				GCC_WARN_64_TO_32_BIT_CONVERSION = YES;
				GCC_WARN_ABOUT_RETURN_TYPE = YES_ERROR;
				GCC_WARN_UNDECLARED_SELECTOR = YES;
				GCC_WARN_UNINITIALIZED_AUTOS = YES_AGGRESSIVE;
				GCC_WARN_UNUSED_FUNCTION = YES;
				GCC_WARN_UNUSED_VARIABLE = YES;
				MTL_ENABLE_DEBUG_INFO = INCLUDE_SOURCE;
				MTL_FAST_MATH = YES;
				ONLY_ACTIVE_ARCH = YES;
				SDKROOT = appletvos;
				SWIFT_ACTIVE_COMPILATION_CONDITIONS = DEBUG;
				SWIFT_OPTIMIZATION_LEVEL = "-Onone";
				TVOS_DEPLOYMENT_TARGET = 13.2;
			};
			name = Debug;
		};
		B1AAB3C0247F8DF1001D06BF /* Release */ = {
			isa = XCBuildConfiguration;
			buildSettings = {
				ALWAYS_SEARCH_USER_PATHS = NO;
				CLANG_ANALYZER_NONNULL = YES;
				CLANG_ANALYZER_NUMBER_OBJECT_CONVERSION = YES_AGGRESSIVE;
				CLANG_CXX_LANGUAGE_STANDARD = "gnu++14";
				CLANG_CXX_LIBRARY = "libc++";
				CLANG_ENABLE_MODULES = YES;
				CLANG_ENABLE_OBJC_ARC = YES;
				CLANG_ENABLE_OBJC_WEAK = YES;
				CLANG_WARN_BLOCK_CAPTURE_AUTORELEASING = YES;
				CLANG_WARN_BOOL_CONVERSION = YES;
				CLANG_WARN_COMMA = YES;
				CLANG_WARN_CONSTANT_CONVERSION = YES;
				CLANG_WARN_DEPRECATED_OBJC_IMPLEMENTATIONS = YES;
				CLANG_WARN_DIRECT_OBJC_ISA_USAGE = YES_ERROR;
				CLANG_WARN_DOCUMENTATION_COMMENTS = YES;
				CLANG_WARN_EMPTY_BODY = YES;
				CLANG_WARN_ENUM_CONVERSION = YES;
				CLANG_WARN_INFINITE_RECURSION = YES;
				CLANG_WARN_INT_CONVERSION = YES;
				CLANG_WARN_NON_LITERAL_NULL_CONVERSION = YES;
				CLANG_WARN_OBJC_IMPLICIT_RETAIN_SELF = YES;
				CLANG_WARN_OBJC_LITERAL_CONVERSION = YES;
				CLANG_WARN_OBJC_ROOT_CLASS = YES_ERROR;
				CLANG_WARN_RANGE_LOOP_ANALYSIS = YES;
				CLANG_WARN_STRICT_PROTOTYPES = YES;
				CLANG_WARN_SUSPICIOUS_MOVE = YES;
				CLANG_WARN_UNGUARDED_AVAILABILITY = YES_AGGRESSIVE;
				CLANG_WARN_UNREACHABLE_CODE = YES;
				CLANG_WARN__DUPLICATE_METHOD_MATCH = YES;
				COPY_PHASE_STRIP = NO;
				DEBUG_INFORMATION_FORMAT = "dwarf-with-dsym";
				ENABLE_NS_ASSERTIONS = NO;
				ENABLE_STRICT_OBJC_MSGSEND = YES;
				GCC_C_LANGUAGE_STANDARD = gnu11;
				GCC_NO_COMMON_BLOCKS = YES;
				GCC_WARN_64_TO_32_BIT_CONVERSION = YES;
				GCC_WARN_ABOUT_RETURN_TYPE = YES_ERROR;
				GCC_WARN_UNDECLARED_SELECTOR = YES;
				GCC_WARN_UNINITIALIZED_AUTOS = YES_AGGRESSIVE;
				GCC_WARN_UNUSED_FUNCTION = YES;
				GCC_WARN_UNUSED_VARIABLE = YES;
				MTL_ENABLE_DEBUG_INFO = NO;
				MTL_FAST_MATH = YES;
				SDKROOT = appletvos;
				SWIFT_COMPILATION_MODE = wholemodule;
				SWIFT_OPTIMIZATION_LEVEL = "-O";
				TVOS_DEPLOYMENT_TARGET = 13.2;
				VALIDATE_PRODUCT = YES;
			};
			name = Release;
		};
		B1AAB3C2247F8DF1001D06BF /* Debug */ = {
			isa = XCBuildConfiguration;
			buildSettings = {
				ASSETCATALOG_COMPILER_APPICON_NAME = "App Icon & Top Shelf Image";
				CODE_SIGN_STYLE = Automatic;
				DEVELOPMENT_TEAM = 24K62CK4V7;
				INFOPLIST_FILE = CustomComponetPOC/Info.plist;
				LD_RUNPATH_SEARCH_PATHS = (
					"$(inherited)",
					"@executable_path/Frameworks",
				);
				PRODUCT_BUNDLE_IDENTIFIER = com.ventuno.demo.app.CustomComponetPOC;
				PRODUCT_NAME = "$(TARGET_NAME)";
				SWIFT_VERSION = 5.0;
				TARGETED_DEVICE_FAMILY = 3;
			};
			name = Debug;
		};
		B1AAB3C3247F8DF1001D06BF /* Release */ = {
			isa = XCBuildConfiguration;
			buildSettings = {
				ASSETCATALOG_COMPILER_APPICON_NAME = "App Icon & Top Shelf Image";
				CODE_SIGN_STYLE = Automatic;
				DEVELOPMENT_TEAM = 24K62CK4V7;
				INFOPLIST_FILE = CustomComponetPOC/Info.plist;
				LD_RUNPATH_SEARCH_PATHS = (
					"$(inherited)",
					"@executable_path/Frameworks",
				);
				PRODUCT_BUNDLE_IDENTIFIER = com.ventuno.demo.app.CustomComponetPOC;
				PRODUCT_NAME = "$(TARGET_NAME)";
				SWIFT_VERSION = 5.0;
				TARGETED_DEVICE_FAMILY = 3;
			};
			name = Release;
		};
/* End XCBuildConfiguration section */

/* Begin XCConfigurationList section */
		B1AAB3A7247F8DEC001D06BF /* Build configuration list for PBXProject "CustomComponetPOC" */ = {
			isa = XCConfigurationList;
			buildConfigurations = (
				B1AAB3BF247F8DF1001D06BF /* Debug */,
				B1AAB3C0247F8DF1001D06BF /* Release */,
			);
			defaultConfigurationIsVisible = 0;
			defaultConfigurationName = Release;
		};
		B1AAB3C1247F8DF1001D06BF /* Build configuration list for PBXNativeTarget "CustomComponetPOC" */ = {
			isa = XCConfigurationList;
			buildConfigurations = (
				B1AAB3C2247F8DF1001D06BF /* Debug */,
				B1AAB3C3247F8DF1001D06BF /* Release */,
			);
			defaultConfigurationIsVisible = 0;
			defaultConfigurationName = Release;
		};
/* End XCConfigurationList section */

/* Begin XCVersionGroup section */
		B1AAB3B6247F8DEC001D06BF /* CustomComponetPOC.xcdatamodeld */ = {
			isa = XCVersionGroup;
			children = (
				B1AAB3B7247F8DEC001D06BF /* CustomComponetPOC.xcdatamodel */,
			);
			currentVersion = B1AAB3B7247F8DEC001D06BF /* CustomComponetPOC.xcdatamodel */;
			path = CustomComponetPOC.xcdatamodeld;
			sourceTree = "<group>";
			versionGroupType = wrapper.xcdatamodel;
		};
/* End XCVersionGroup section */
	};
	rootObject = B1AAB3A4247F8DEC001D06BF /* Project object */;
}
